// !$*UTF8*$!
{
	archiveVersion = 1;
	classes = {
	};
	objectVersion = 39;
	objects = {
		080E96DDFE201D6D7F000001 = {
			children = (
				8E43B6ED0743B3DA00386A1F,
				8E43B6EC0743B3C600386A1F,
				8E43B8B20743CBE000386A1F,
			);
			isa = PBXGroup;
			name = Classes;
			refType = 4;
			sourceTree = "<group>";
		};
		089C165CFE840E0CC02AAC07 = {
			children = (
				089C165DFE840E0CC02AAC07,
				8E8D318A07468EC700DBC040,
			);
			isa = PBXVariantGroup;
			name = InfoPlist.strings;
			path = "";
			refType = 4;
			sourceTree = "<group>";
		};
		089C165DFE840E0CC02AAC07 = {
			fileEncoding = 10;
			isa = PBXFileReference;
			lastKnownFileType = text.plist.strings;
			name = English;
			path = English.lproj/InfoPlist.strings;
			refType = 4;
			sourceTree = "<group>";
		};
//080
//081
//082
//083
//084
//100
//101
//102
//103
//104
		1058C7A0FEA54F0111CA2CBB = {
			children = (
				1058C7A1FEA54F0111CA2CBB,
			);
			isa = PBXGroup;
			name = "Linked Frameworks";
			refType = 4;
			sourceTree = "<group>";
		};
		1058C7A1FEA54F0111CA2CBB = {
			isa = PBXFileReference;
			lastKnownFileType = wrapper.framework;
			name = Cocoa.framework;
			path = /System/Library/Frameworks/Cocoa.framework;
			refType = 0;
			sourceTree = "<absolute>";
		};
		1058C7A2FEA54F0111CA2CBB = {
			children = (
				29B97325FDCFA39411CA2CEA,
				29B97324FDCFA39411CA2CEA,
			);
			isa = PBXGroup;
			name = "Other Frameworks";
			refType = 4;
			sourceTree = "<group>";
		};
//100
//101
//102
//103
//104
//190
//191
//192
//193
//194
		19C28FACFE9D520D11CA2CBB = {
			children = (
				8D1107320486CEB800E47090,
			);
			isa = PBXGroup;
			name = Products;
			refType = 4;
			sourceTree = "<group>";
		};
//190
//191
//192
//193
//194
//290
//291
//292
//293
//294
		29B97313FDCFA39411CA2CEA = {
			buildSettings = {
			};
			buildStyles = (
				4A9504CCFFE6A4B311CA0CBA,
				4A9504CDFFE6A4B311CA0CBA,
			);
			hasScannedForEncodings = 1;
			isa = PBXProject;
			mainGroup = 29B97314FDCFA39411CA2CEA;
			projectDirPath = "";
			targets = (
				8D1107260486CEB800E47090,
			);
		};
		29B97314FDCFA39411CA2CEA = {
			children = (
				8E7493D20747258800D2D3BF,
				080E96DDFE201D6D7F000001,
				29B97315FDCFA39411CA2CEA,
				29B97317FDCFA39411CA2CEA,
				29B97323FDCFA39411CA2CEA,
				19C28FACFE9D520D11CA2CBB,
			);
			isa = PBXGroup;
			name = "EIJIRO Viewer";
			path = "";
			refType = 4;
			sourceTree = "<group>";
		};
		29B97315FDCFA39411CA2CEA = {
			children = (
				32CA4F630368D1EE00C91783,
				29B97316FDCFA39411CA2CEA,
			);
			isa = PBXGroup;
			name = "Other Sources";
			path = "";
			refType = 4;
			sourceTree = "<group>";
		};
		29B97316FDCFA39411CA2CEA = {
			fileEncoding = 4;
			isa = PBXFileReference;
			lastKnownFileType = sourcecode.c.objc;
			path = main.m;
			refType = 4;
			sourceTree = "<group>";
		};
		29B97317FDCFA39411CA2CEA = {
			children = (
				8EACB22B0756719300C0F020,
				8EACB22D075671B800C0F020,
				8EACB22C075671A400C0F020,
			);
			isa = PBXGroup;
			name = Resources;
			path = "";
			refType = 4;
			sourceTree = "<group>";
		};
		29B97318FDCFA39411CA2CEA = {
			children = (
				29B97319FDCFA39411CA2CEA,
				8EFD37F8075B566100DCA0A6,
			);
			isa = PBXVariantGroup;
			name = MainMenu.nib;
			path = "";
			refType = 4;
			sourceTree = "<group>";
		};
		29B97319FDCFA39411CA2CEA = {
			isa = PBXFileReference;
			lastKnownFileType = wrapper.nib;
			name = English;
			path = English.lproj/MainMenu.nib;
			refType = 4;
			sourceTree = "<group>";
		};
		29B97323FDCFA39411CA2CEA = {
			children = (
				1058C7A0FEA54F0111CA2CBB,
				1058C7A2FEA54F0111CA2CBB,
			);
			isa = PBXGroup;
			name = Frameworks;
			path = "";
			refType = 4;
			sourceTree = "<group>";
		};
		29B97324FDCFA39411CA2CEA = {
			isa = PBXFileReference;
			lastKnownFileType = wrapper.framework;
			name = AppKit.framework;
			path = /System/Library/Frameworks/AppKit.framework;
			refType = 0;
			sourceTree = "<absolute>";
		};
		29B97325FDCFA39411CA2CEA = {
			isa = PBXFileReference;
			lastKnownFileType = wrapper.framework;
			name = Foundation.framework;
			path = /System/Library/Frameworks/Foundation.framework;
			refType = 0;
			sourceTree = "<absolute>";
		};
//290
//291
//292
//293
//294
//320
//321
//322
//323
//324
		32CA4F630368D1EE00C91783 = {
			fileEncoding = 4;
			isa = PBXFileReference;
			lastKnownFileType = sourcecode.c.h;
			path = "EIJIRO Viewer_Prefix.pch";
			refType = 4;
			sourceTree = "<group>";
		};
//320
//321
//322
//323
//324
//4A0
//4A1
//4A2
//4A3
//4A4
		4A9504CCFFE6A4B311CA0CBA = {
			buildSettings = {
				COPY_PHASE_STRIP = NO;
				GCC_DYNAMIC_NO_PIC = NO;
				GCC_ENABLE_FIX_AND_CONTINUE = YES;
				GCC_GENERATE_DEBUGGING_SYMBOLS = YES;
				GCC_OPTIMIZATION_LEVEL = 0;
				ZERO_LINK = YES;
			};
			isa = PBXBuildStyle;
			name = Development;
		};
		4A9504CDFFE6A4B311CA0CBA = {
			buildSettings = {
				COPY_PHASE_STRIP = YES;
				GCC_ENABLE_FIX_AND_CONTINUE = NO;
				ZERO_LINK = NO;
			};
			isa = PBXBuildStyle;
			name = Deployment;
		};
//4A0
//4A1
//4A2
//4A3
//4A4
//8D0
//8D1
//8D2
//8D3
//8D4
		8D1107260486CEB800E47090 = {
			buildPhases = (
				8D1107290486CEB800E47090,
				8D11072C0486CEB800E47090,
				8D11072E0486CEB800E47090,
				8EBD621407462FAB00FDD2E7,
			);
			buildRules = (
			);
			buildSettings = {
				FRAMEWORK_SEARCH_PATHS = "\"/Users/numata/proj/EIJIRO Viewer\"";
				GCC_C_LANGUAGE_STANDARD = c99;
				GCC_GENERATE_DEBUGGING_SYMBOLS = NO;
				GCC_PRECOMPILE_PREFIX_HEADER = YES;
				GCC_PREFIX_HEADER = "EIJIRO Viewer_Prefix.pch";
				INFOPLIST_FILE = Info.plist;
				INSTALL_PATH = "$(HOME)/Applications";
				PRODUCT_NAME = "EIJIRO Viewer";
				WRAPPER_EXTENSION = app;
			};
			dependencies = (
			);
			isa = PBXNativeTarget;
			name = "EIJIRO Viewer";
			productInstallPath = "$(HOME)/Applications";
			productName = "EIJIRO Viewer";
			productReference = 8D1107320486CEB800E47090;
			productType = "com.apple.product-type.application";
		};
		8D1107290486CEB800E47090 = {
			buildActionMask = 2147483647;
			files = (
				8D11072A0486CEB800E47090,
				8D11072B0486CEB800E47090,
				8E43B334074387FA00386A1F,
				8E8D315A07468B3400DBC040,
				8E43B3AD0743904800386A1F,
				8E43B3AE0743904800386A1F,
				8E43B3F307439A5600386A1F,
				8E43B41707439B8600386A1F,
				8E43B41907439B8600386A1F,
				8E43B41B07439B8600386A1F,
				8E43B42607439BA100386A1F,
				8E43B42807439BA100386A1F,
				8E43B7D50743C16A00386A1F,
				8E43B8B70743CBFB00386A1F,
				8E43B9420743D47100386A1F,
				8EBD634E07463BEA00FDD2E7,
				8EACB82F0757B3EC00C0F020,
				8EB6DBE10757C8E900FF4463,
				8EF63419075AAAB100980CDD,
				8E0241F1075B5DA000042083,
			);
			isa = PBXResourcesBuildPhase;
			runOnlyForDeploymentPostprocessing = 0;
		};
		8D11072A0486CEB800E47090 = {
			fileRef = 29B97318FDCFA39411CA2CEA;
			isa = PBXBuildFile;
			settings = {
			};
		};
		8D11072B0486CEB800E47090 = {
			fileRef = 089C165CFE840E0CC02AAC07;
			isa = PBXBuildFile;
			settings = {
			};
		};
		8D11072C0486CEB800E47090 = {
			buildActionMask = 2147483647;
			files = (
				8D11072D0486CEB800E47090,
				8E43B335074387FA00386A1F,
				8E43B3F407439A5600386A1F,
				8E43B42507439BA100386A1F,
				8E43B42707439BA100386A1F,
				8E43B7D60743C16A00386A1F,
				8E43B8B80743CBFB00386A1F,
				8EBD634D07463BEA00FDD2E7,
				8EACB82E0757B3EB00C0F020,
			);
			isa = PBXSourcesBuildPhase;
			runOnlyForDeploymentPostprocessing = 0;
		};
		8D11072D0486CEB800E47090 = {
			fileRef = 29B97316FDCFA39411CA2CEA;
			isa = PBXBuildFile;
			settings = {
				ATTRIBUTES = (
				);
			};
		};
		8D11072E0486CEB800E47090 = {
			buildActionMask = 2147483647;
			files = (
				8D11072F0486CEB800E47090,
			);
			isa = PBXFrameworksBuildPhase;
			runOnlyForDeploymentPostprocessing = 0;
		};
		8D11072F0486CEB800E47090 = {
			fileRef = 1058C7A1FEA54F0111CA2CBB;
			isa = PBXBuildFile;
			settings = {
			};
		};
		8D1107310486CEB800E47090 = {
			fileEncoding = 4;
			isa = PBXFileReference;
			lastKnownFileType = text.xml;
			path = Info.plist;
			refType = 4;
			sourceTree = "<group>";
		};
		8D1107320486CEB800E47090 = {
			explicitFileType = wrapper.application;
			includeInIndex = 0;
			isa = PBXFileReference;
			path = "EIJIRO Viewer.app";
			refType = 3;
			sourceTree = BUILT_PRODUCTS_DIR;
		};
//8D0
//8D1
//8D2
//8D3
//8D4
//8E0
//8E1
//8E2
//8E3
//8E4
		8E0241E8075B5D7F00042083 = {
			fileEncoding = 10;
			isa = PBXFileReference;
			lastKnownFileType = text.plist.strings;
			name = English;
			path = English.lproj/ServicesMenu.strings;
			refType = 4;
			sourceTree = "<group>";
		};
		8E0241F0075B5DA000042083 = {
			children = (
				8E0241E8075B5D7F00042083,
				8E0241F2075B5DA600042083,
			);
			isa = PBXVariantGroup;
			name = ServicesMenu.strings;
			refType = 4;
			sourceTree = "<group>";
		};
		8E0241F1075B5DA000042083 = {
			fileRef = 8E0241F0075B5DA000042083;
			isa = PBXBuildFile;
			settings = {
			};
		};
		8E0241F2075B5DA600042083 = {
			fileEncoding = 10;
			isa = PBXFileReference;
			lastKnownFileType = text.plist.strings;
			name = Japanese;
			path = Japanese.lproj/ServicesMenu.strings;
			refType = 4;
			sourceTree = "<group>";
		};
		8E43B332074387FA00386A1F = {
			fileEncoding = "-2147483647";
			isa = PBXFileReference;
			lastKnownFileType = sourcecode.c.h;
			path = ApplicationManager.h;
			refType = 4;
			sourceTree = "<group>";
		};
		8E43B333074387FA00386A1F = {
			fileEncoding = "-2147483647";
			isa = PBXFileReference;
			lastKnownFileType = sourcecode.c.objc;
			path = ApplicationManager.m;
			refType = 4;
			sourceTree = "<group>";
		};
		8E43B334074387FA00386A1F = {
			fileRef = 8E43B332074387FA00386A1F;
			isa = PBXBuildFile;
			settings = {
			};
		};
		8E43B335074387FA00386A1F = {
			fileRef = 8E43B333074387FA00386A1F;
			isa = PBXBuildFile;
			settings = {
			};
		};
		8E43B36F07438C1F00386A1F = {
			fileEncoding = 4;
			isa = PBXFileReference;
			lastKnownFileType = text.plist.strings;
			lineEnding = 0;
			name = English;
			path = English.lproj/Localizable.strings;
			refType = 4;
			sourceTree = "<group>";
		};
		8E43B3AB0743904800386A1F = {
			isa = PBXFileReference;
			lastKnownFileType = image.tiff;
			path = forward.tif;
			refType = 4;
			sourceTree = "<group>";
		};
		8E43B3AC0743904800386A1F = {
			isa = PBXFileReference;
			lastKnownFileType = image.tiff;
			path = back.tif;
			refType = 4;
			sourceTree = "<group>";
		};
		8E43B3AD0743904800386A1F = {
			fileRef = 8E43B3AB0743904800386A1F;
			isa = PBXBuildFile;
			settings = {
			};
		};
		8E43B3AE0743904800386A1F = {
			fileRef = 8E43B3AC0743904800386A1F;
			isa = PBXBuildFile;
			settings = {
			};
		};
		8E43B3F107439A5600386A1F = {
			fileEncoding = "-2147483647";
			isa = PBXFileReference;
			lastKnownFileType = sourcecode.c.h;
			path = SearchManager.h;
			refType = 4;
			sourceTree = "<group>";
		};
		8E43B3F207439A5600386A1F = {
			fileEncoding = "-2147483647";
			isa = PBXFileReference;
			lastKnownFileType = sourcecode.c.objc;
			path = SearchManager.m;
			refType = 4;
			sourceTree = "<group>";
		};
		8E43B3F307439A5600386A1F = {
			fileRef = 8E43B3F107439A5600386A1F;
			isa = PBXBuildFile;
			settings = {
			};
		};
		8E43B3F407439A5600386A1F = {
			fileRef = 8E43B3F207439A5600386A1F;
			isa = PBXBuildFile;
			settings = {
			};
		};
		8E43B41107439B8500386A1F = {
			isa = PBXFileReference;
			lastKnownFileType = image.tiff;
			path = Location_Right_Progress.tif;
			refType = 4;
			sourceTree = "<group>";
		};
		8E43B41307439B8600386A1F = {
			isa = PBXFileReference;
			lastKnownFileType = image.tiff;
			path = Location_Middle_Progress.tif;
			refType = 4;
			sourceTree = "<group>";
		};
		8E43B41507439B8600386A1F = {
			isa = PBXFileReference;
			lastKnownFileType = image.tiff;
			path = Location_Left_Progress.tif;
			refType = 4;
			sourceTree = "<group>";
		};
		8E43B41707439B8600386A1F = {
			fileRef = 8E43B41107439B8500386A1F;
			isa = PBXBuildFile;
			settings = {
			};
		};
		8E43B41907439B8600386A1F = {
			fileRef = 8E43B41307439B8600386A1F;
			isa = PBXBuildFile;
			settings = {
			};
		};
		8E43B41B07439B8600386A1F = {
			fileRef = 8E43B41507439B8600386A1F;
			isa = PBXBuildFile;
			settings = {
			};
		};
		8E43B42107439BA100386A1F = {
			fileEncoding = "-2147483647";
			isa = PBXFileReference;
			lastKnownFileType = sourcecode.c.objc;
			path = NMTextFieldCell.m;
			refType = 4;
			sourceTree = "<group>";
		};
		8E43B42207439BA100386A1F = {
			fileEncoding = "-2147483647";
			isa = PBXFileReference;
			lastKnownFileType = sourcecode.c.h;
			path = NMTextFieldCell.h;
			refType = 4;
			sourceTree = "<group>";
		};
		8E43B42307439BA100386A1F = {
			fileEncoding = "-2147483647";
			isa = PBXFileReference;
			lastKnownFileType = sourcecode.c.objc;
			path = NMTextField.m;
			refType = 4;
			sourceTree = "<group>";
		};
		8E43B42407439BA100386A1F = {
			fileEncoding = "-2147483647";
			isa = PBXFileReference;
			lastKnownFileType = sourcecode.c.h;
			path = NMTextField.h;
			refType = 4;
			sourceTree = "<group>";
		};
		8E43B42507439BA100386A1F = {
			fileRef = 8E43B42107439BA100386A1F;
			isa = PBXBuildFile;
			settings = {
			};
		};
		8E43B42607439BA100386A1F = {
			fileRef = 8E43B42207439BA100386A1F;
			isa = PBXBuildFile;
			settings = {
			};
		};
		8E43B42707439BA100386A1F = {
			fileRef = 8E43B42307439BA100386A1F;
			isa = PBXBuildFile;
			settings = {
			};
		};
		8E43B42807439BA100386A1F = {
			fileRef = 8E43B42407439BA100386A1F;
			isa = PBXBuildFile;
			settings = {
			};
		};
		8E43B6EC0743B3C600386A1F = {
			children = (
				8E43B332074387FA00386A1F,
				8E43B333074387FA00386A1F,
				8E43B7D30743C16A00386A1F,
				8E43B7D40743C16A00386A1F,
				8E43B42407439BA100386A1F,
				8E43B42307439BA100386A1F,
				8E43B42207439BA100386A1F,
				8E43B42107439BA100386A1F,
				8EACB82D0757B3EB00C0F020,
				8EACB82C0757B3EB00C0F020,
			);
			isa = PBXGroup;
			name = "UI Management";
			refType = 4;
			sourceTree = "<group>";
		};
		8E43B6ED0743B3DA00386A1F = {
			children = (
				8E43B3F107439A5600386A1F,
				8E43B3F207439A5600386A1F,
				8EBD634C07463BEA00FDD2E7,
				8EBD634B07463BEA00FDD2E7,
			);
			isa = PBXGroup;
			name = Main;
			refType = 4;
			sourceTree = "<group>";
		};
		8E43B7D30743C16A00386A1F = {
			fileEncoding = 4;
			isa = PBXFileReference;
			lastKnownFileType = sourcecode.c.h;
			path = NMFontTransformer.h;
			refType = 4;
			sourceTree = "<group>";
		};
		8E43B7D40743C16A00386A1F = {
			fileEncoding = 4;
			isa = PBXFileReference;
			lastKnownFileType = sourcecode.c.objc;
			path = NMFontTransformer.m;
			refType = 4;
			sourceTree = "<group>";
		};
		8E43B7D50743C16A00386A1F = {
			fileRef = 8E43B7D30743C16A00386A1F;
			isa = PBXBuildFile;
			settings = {
			};
		};
		8E43B7D60743C16A00386A1F = {
			fileRef = 8E43B7D40743C16A00386A1F;
			isa = PBXBuildFile;
			settings = {
			};
		};
		8E43B8B20743CBE000386A1F = {
			children = (
				8E43B8B50743CBFB00386A1F,
				8E43B8B60743CBFB00386A1F,
			);
			isa = PBXGroup;
			name = "Speech Management";
			refType = 4;
			sourceTree = "<group>";
		};
		8E43B8B50743CBFB00386A1F = {
			fileEncoding = "-2147483647";
			isa = PBXFileReference;
			lastKnownFileType = sourcecode.c.h;
			path = NMSpeechManager.h;
			refType = 4;
			sourceTree = "<group>";
		};
		8E43B8B60743CBFB00386A1F = {
			fileEncoding = "-2147483647";
			isa = PBXFileReference;
			lastKnownFileType = sourcecode.c.objc;
			path = NMSpeechManager.m;
			refType = 4;
			sourceTree = "<group>";
		};
		8E43B8B70743CBFB00386A1F = {
			fileRef = 8E43B8B50743CBFB00386A1F;
			isa = PBXBuildFile;
			settings = {
			};
		};
		8E43B8B80743CBFB00386A1F = {
			fileRef = 8E43B8B60743CBFB00386A1F;
			isa = PBXBuildFile;
			settings = {
			};
		};
		8E43B9410743D47100386A1F = {
			isa = PBXFileReference;
			lastKnownFileType = image.icns;
			path = app.icns;
			refType = 4;
			sourceTree = "<group>";
		};
		8E43B9420743D47100386A1F = {
			fileRef = 8E43B9410743D47100386A1F;
			isa = PBXBuildFile;
			settings = {
			};
		};
		8E7493D20747258800D2D3BF = {
			isa = PBXFileReference;
			lastKnownFileType = wrapper.rtfd;
			path = "説明書.rtfd";
			refType = 4;
			sourceTree = "<group>";
		};
		8E8D315907468B3400DBC040 = {
			children = (
				8E43B36F07438C1F00386A1F,
				8E8D315B07468B3F00DBC040,
			);
			isa = PBXVariantGroup;
			name = Localizable.strings;
			path = "";
			refType = 4;
			sourceTree = "<group>";
		};
		8E8D315A07468B3400DBC040 = {
			fileRef = 8E8D315907468B3400DBC040;
			isa = PBXBuildFile;
			settings = {
			};
		};
		8E8D315B07468B3F00DBC040 = {
			fileEncoding = 4;
			isa = PBXFileReference;
			lastKnownFileType = text.plist.strings;
			lineEnding = 0;
			name = Japanese;
			path = Japanese.lproj/Localizable.strings;
			refType = 4;
			sourceTree = "<group>";
		};
		8E8D318A07468EC700DBC040 = {
			isa = PBXFileReference;
			lastKnownFileType = text.plist.strings;
			name = Japanese;
			path = Japanese.lproj/InfoPlist.strings;
			refType = 4;
			sourceTree = "<group>";
		};
		8EACB22B0756719300C0F020 = {
			children = (
				8E43B9410743D47100386A1F,
				8E43B3AB0743904800386A1F,
				8E43B3AC0743904800386A1F,
				8E43B41107439B8500386A1F,
				8E43B41307439B8600386A1F,
				8E43B41507439B8600386A1F,
				8EF63418075AAAB100980CDD,
				8EB6DBE00757C8E900FF4463,
			);
			isa = PBXGroup;
			name = Images;
			refType = 4;
			sourceTree = "<group>";
		};
		8EACB22C075671A400C0F020 = {
			children = (
				8D1107310486CEB800E47090,
				089C165CFE840E0CC02AAC07,
				8E8D315907468B3400DBC040,
				8E0241F0075B5DA000042083,
			);
			isa = PBXGroup;
			name = Strings;
			refType = 4;
			sourceTree = "<group>";
		};
		8EACB22D075671B800C0F020 = {
			children = (
				29B97318FDCFA39411CA2CEA,
			);
			isa = PBXGroup;
			name = Nibs;
			refType = 4;
			sourceTree = "<group>";
		};
		8EACB82C0757B3EB00C0F020 = {
			fileEncoding = "-2147483647";
			isa = PBXFileReference;
			lastKnownFileType = sourcecode.c.objc;
			path = NSTextViewWithLinks.m;
			refType = 4;
			sourceTree = "<group>";
		};
		8EACB82D0757B3EB00C0F020 = {
			fileEncoding = "-2147483647";
			isa = PBXFileReference;
			lastKnownFileType = sourcecode.c.h;
			path = NSTextViewWithLinks.h;
			refType = 4;
			sourceTree = "<group>";
		};
		8EACB82E0757B3EB00C0F020 = {
			fileRef = 8EACB82C0757B3EB00C0F020;
			isa = PBXBuildFile;
			settings = {
			};
		};
		8EACB82F0757B3EC00C0F020 = {
			fileRef = 8EACB82D0757B3EB00C0F020;
			isa = PBXBuildFile;
			settings = {
			};
		};
		8EB6DBE00757C8E900FF4463 = {
			isa = PBXFileReference;
			lastKnownFileType = image.tiff;
			path = sound.tif;
			refType = 4;
			sourceTree = "<group>";
		};
		8EB6DBE10757C8E900FF4463 = {
			fileRef = 8EB6DBE00757C8E900FF4463;
			isa = PBXBuildFile;
			settings = {
			};
		};
		8EBD621407462FAB00FDD2E7 = {
			buildActionMask = 2147483647;
			dstPath = "";
			dstSubfolderSpec = 10;
			files = (
			);
			isa = PBXCopyFilesBuildPhase;
			runOnlyForDeploymentPostprocessing = 0;
		};
		8EBD634B07463BEA00FDD2E7 = {
			fileEncoding = "-2147483647";
			isa = PBXFileReference;
			lastKnownFileType = sourcecode.c.objc;
			path = StringUtil.m;
			refType = 4;
			sourceTree = "<group>";
		};
		8EBD634C07463BEA00FDD2E7 = {
			fileEncoding = "-2147483647";
			isa = PBXFileReference;
			lastKnownFileType = sourcecode.c.h;
			path = StringUtil.h;
			refType = 4;
			sourceTree = "<group>";
		};
		8EBD634D07463BEA00FDD2E7 = {
			fileRef = 8EBD634B07463BEA00FDD2E7;
			isa = PBXBuildFile;
			settings = {
			};
		};
		8EBD634E07463BEA00FDD2E7 = {
			fileRef = 8EBD634C07463BEA00FDD2E7;
			isa = PBXBuildFile;
			settings = {
			};
		};
		8EF63418075AAAB100980CDD = {
			isa = PBXFileReference;
			lastKnownFileType = image.tiff;
			path = search.tif;
			refType = 4;
			sourceTree = "<group>";
		};
		8EF63419075AAAB100980CDD = {
			fileRef = 8EF63418075AAAB100980CDD;
			isa = PBXBuildFile;
			settings = {
			};
		};
		8EFD37F8075B566100DCA0A6 = {
			isa = PBXFileReference;
			lastKnownFileType = wrapper.nib;
			name = Japanese;
			path = Japanese.lproj/MainMenu.nib;
			refType = 4;
			sourceTree = "<group>";
		};
	};
	rootObject = 29B97313FDCFA39411CA2CEA;
}
